
Microsoft Visual Studio Solution File, Format Version 11.00
# Visual Studio 2010
Project("{FAE04EC0-301F-11D3-BF4B-00C04F79EFBC}") = "Assembly-CSharp", "Assembly-CSharp.csproj", "{ddd0b75b-b6eb-1c30-7fd2-7e6e26da8e22}"
EndProject
Project("{FAE04EC0-301F-11D3-BF4B-00C04F79EFBC}") = "Assembly-CSharp-Editor", "Assembly-CSharp-Editor.csproj", "{9a6e8c87-86f0-57e6-559c-e4e482e16813}"
EndProject
Global
	GlobalSection(SolutionConfigurationPlatforms) = preSolution
		Debug|Any CPU = Debug|Any CPU
	EndGlobalSection
	GlobalSection(ProjectConfigurationPlatforms) = postSolution
		{ddd0b75b-b6eb-1c30-7fd2-7e6e26da8e22}.Debug|Any CPU.ActiveCfg = Debug|Any CPU
		{ddd0b75b-b6eb-1c30-7fd2-7e6e26da8e22}.Debug|Any CPU.Build.0 = Debug|Any CPU
		{9a6e8c87-86f0-57e6-559c-e4e482e16813}.Debug|Any CPU.ActiveCfg = Debug|Any CPU
		{9a6e8c87-86f0-57e6-559c-e4e482e16813}.Debug|Any CPU.Build.0 = Debug|Any CPU
	EndGlobalSection
	GlobalSection(SolutionProperties) = preSolution
		HideSolutionNode = FALSE
	EndGlobalSection
EndGlobal
