
Microsoft Visual Studio Solution File, Format Version 11.00
# Visual Studio 2010
Project("{FAE04EC0-301F-11D3-BF4B-00C04F79EFBC}") = "Assembly-CSharp", "Assembly-CSharp.csproj", "{5BB7D0DD-EBB6-301C-7FD2-7E6E26DA8E22}"
EndProject
Project("{FAE04EC0-301F-11D3-BF4B-00C04F79EFBC}") = "Assembly-CSharp-Editor", "Assembly-CSharp-Editor.csproj", "{878C6E9A-F086-E657-559C-E4E482E16813}"
EndProject
Global
	GlobalSection(SolutionConfigurationPlatforms) = preSolution
		Debug|Any CPU = Debug|Any CPU
		Release|Any CPU = Release|Any CPU
	EndGlobalSection
	GlobalSection(ProjectConfigurationPlatforms) = postSolution
		{5BB7D0DD-EBB6-301C-7FD2-7E6E26DA8E22}.Debug|Any CPU.ActiveCfg = Debug|Any CPU
		{5BB7D0DD-EBB6-301C-7FD2-7E6E26DA8E22}.Debug|Any CPU.Build.0 = Debug|Any CPU
		{5BB7D0DD-EBB6-301C-7FD2-7E6E26DA8E22}.Release|Any CPU.ActiveCfg = Release|Any CPU
		{5BB7D0DD-EBB6-301C-7FD2-7E6E26DA8E22}.Release|Any CPU.Build.0 = Release|Any CPU
		{878C6E9A-F086-E657-559C-E4E482E16813}.Debug|Any CPU.ActiveCfg = Debug|Any CPU
		{878C6E9A-F086-E657-559C-E4E482E16813}.Debug|Any CPU.Build.0 = Debug|Any CPU
		{878C6E9A-F086-E657-559C-E4E482E16813}.Release|Any CPU.ActiveCfg = Release|Any CPU
		{878C6E9A-F086-E657-559C-E4E482E16813}.Release|Any CPU.Build.0 = Release|Any CPU
	EndGlobalSection
	GlobalSection(SolutionProperties) = preSolution
		HideSolutionNode = FALSE
	EndGlobalSection
EndGlobal
